{
  "nodes": {
    "hix": {
      "inputs": {
        "nixpkgs": [
          "nixpkgs"
        ]
      },
      "locked": {
        "lastModified": 1748791384,
        "narHash": "sha256-B/xEMhdQL6ZCFwg8f9hJrvWYh9aweVgpEB2XbsamrGI=",
        "owner": "tek",
        "repo": "hix",
        "rev": "e6b915372df89f71da226e973ec0d6af01b8d957",
        "type": "github"
      },
      "original": {
        "owner": "tek",
        "repo": "hix",
        "type": "github"
      }
    },
    "nixpkgs": {
      "locked": {
        "lastModified": 1748856973,
        "narHash": "sha256-RlTsJUvvr8ErjPBsiwrGbbHYW8XbB/oek0Gi78XdWKg=",
        "owner": "nixos",
        "repo": "nixpkgs",
        "rev": "e4b09e47ace7d87de083786b404bf232eb6c89d8",
        "type": "github"
      },
      "original": {
        "owner": "nixos",
        "ref": "nixpkgs-unstable",
        "repo": "nixpkgs",
        "type": "github"
      }
    },
    "root": {
      "inputs": {
        "hix": "hix",
        "nixpkgs": "nixpkgs"
      }
    }
  },
  "root": "root",
  "version": 7
}
